{
    "_meta": {
        "hash": {
            "sha256": "aca17c15b65f33673176878b6a95d9854d213ae8b07f41045622ed8253280e2c"
        },
        "pipfile-spec": 6,
        "requires": {
            "python_version": "3.8"
        },
        "sources": [
            {
                "name": "pypi",
                "url": "https://pypi.org/simple",
                "verify_ssl": true
            }
        ]
    },
    "default": {
        "audio-utils": {
            "editable": true,
            "git": "https://github.com/stefantaubert/audio-utils.git",
            "ref": "2bc4735ce7e0f73928d026bf2d1504b03b1aa67b"
        },
        "click": {
            "hashes": [
                "sha256:d2b5255c7c6349bc1bd1e59e08cd12acbbd63ce649f2588755783aa94dfb6b1a",
                "sha256:dacca89f4bfadd5de3d7489b7c8a566eee0d3676333fbb50030263894c38c0dc"
            ],
            "markers": "python_version >= '2.7' and python_version not in '3.0, 3.1, 3.2, 3.3, 3.4'",
            "version": "==7.1.2"
        },
        "cmudict-parser": {
            "editable": true,
            "git": "https://github.com/stefantaubert/cmudict-parser.git",
            "ref": "1c4cce798af0f76e882f3083ce382ff1317ecc96"
        },
        "dragonmapper": {
            "hashes": [
                "sha256:21e0324ca05d553645887515202349e24427700f4c86d250d85d32b958d4bc31",
                "sha256:f2584fb3b29df442907cf7422893becbb8c8429d9f6611f0ba111bdfec495ec9"
            ],
            "version": "==0.2.6"
        },
        "editdistance": {
            "hashes": [
                "sha256:0834826832e51a6c18032b13b68083e3ebfbf3daf774142ae6f2b17b35580c16",
                "sha256:1018f0fa857b079c721583c42d2c54800fbe8c7d2c29b354a9724a0b79971cb8",
                "sha256:1f510e6eb411ec6123ba4ebc086d5882027710d28db174985a74e13fd0eb354f",
                "sha256:25b39c836347dcbb251a6041fd3d7575b82c365923a4b13c32c699e442b1b644",
                "sha256:25dd59d7f17a38203c5e433f5b11f64a8d1042d876d0dc00b324dda060d12e81",
                "sha256:36a4c36d7945f5ecfa1dc92c08635d73b64769cd0af066da774437fe2c7dc80a",
                "sha256:503c6f69f4901d8a63f3748e4b0eccb2a89e6844b0879a7e256cab439297d379",
                "sha256:553fb295802c399f0f419b616b499c241ffdcb2a70888d1e9d1bd22ba21b122f",
                "sha256:5f9c202b1a2f2630f7a0cdd76ad0ad55de4cd700553778c77e37379c6ac8e8bb",
                "sha256:61486173447a153cccbd52eb63947378803f0f2a5bffebbfec500bd77fc5706d",
                "sha256:6452d750fbc49c6f04232a840f96b0f1155ff7cb2d953ce1edf075c5a394f3ea",
                "sha256:6ccfd57221bae661304e7f9495f508aeec8f72e462d97481d55488ded87f5cbc",
                "sha256:810d93e614f35ad2916570f48ff1370ac3c001eb6941d5e836e2c1c6986fafff",
                "sha256:89d016dda04649b2c49e12b34337755a7b612bfd690420edd50ab31787120c1f",
                "sha256:93e847cc2fbebb34a36b41337a3eb9b2034d4ff9679665b08ecc5c3c313f83a9",
                "sha256:9d6ee66f8de30ec6358083e5ecd7919a5966b38c64012c1672f326c61ff7a15f",
                "sha256:a10c61df748220b2b9e2949a10aea23ffeded28c07e610e107a8f6a4b5b92782",
                "sha256:a322354a8dfb442770902f06552b20df5184e65e84ac90cb799740915eb52212",
                "sha256:a9167d9d5e754abd7ce68da065a636cc161e5063c322efd81159d15001d5272a",
                "sha256:a96ac49acc7668477c13aff02ca0527c6462b026b78600602dbef04efc9250d3",
                "sha256:c1cf5ff98cfdc38046ae0f2d3ccbe1e15b0665234a04783f6558ec0a48e72dc8",
                "sha256:cc65c2cd68751a966f7468537b4a6fd7d9107d49e139d8efd5734ee6f48d3126",
                "sha256:cd49e9b22972b15527d53e06918c14d9fe228ae362a57476d16b0cad3e14e0c8",
                "sha256:d4561b602b7675f6a050cdd0e1b652007ce73bb7290019487b8919a44593d74d",
                "sha256:db65bf1f39964019040434cb924c62c9965bd0df2feb316dbe5de3f09e6a81de",
                "sha256:dddb0d36f698e3c942d0d5934185533d9324fbde975b3e956a19883713e86d33",
                "sha256:ee4ed815bc5137a794095368580334e430ff26c73a05c67e76b39f535b363a0f",
                "sha256:ef4714dc9cf281863dcc3ba6d24c3cae1dde41610a78dcdfae50d743ca71d5e1",
                "sha256:fa0047a8d972ab779141eed4713811251c9f6e96e9e8a62caa8d554a0444ff74",
                "sha256:fe7e6a90476976d7e5abc9472acb0311b7cdc76d84190f8f6c317234680c5de3"
            ],
            "version": "==0.5.3"
        },
        "epitran": {
            "hashes": [
                "sha256:b3957027de7c070e30ddd64465e2e1d03990b80eb86483027f585ceb0b89bc3a",
                "sha256:ff0648b1a75e5566b651807931a1fb6c8df15338232b8f938e4b43164774e3bd"
            ],
            "version": "==1.8"
        },
        "hanzidentifier": {
            "hashes": [
                "sha256:793a298430aa9a9d6ab344dc0ca0ab4bd1161d88c7da941d6554571093003cba"
            ],
            "version": "==1.0.2"
        },
        "inflect": {
            "hashes": [
                "sha256:d284c905414fe37c050734c8600fe170adfb98ba40f72fc66fed393f5b8d5ea0",
                "sha256:f125f678288f4830f0ee4a4f51e088ff869ac44451a5717627a4ed38d734144c"
            ],
            "markers": "python_version >= '3.6'",
            "version": "==5.0.2"
        },
        "ipapy": {
            "hashes": [
                "sha256:b96d0435282103c7d893c8226a458b70a810d130ce65fabe127c8a7490d1f82b",
                "sha256:e1bc73f6a4861b9a0ff562b70b87dab8acf7a63badd98caabd6e248b3839f1c9"
            ],
            "version": "==0.0.9.0"
        },
        "joblib": {
            "hashes": [
                "sha256:75ead23f13484a2a414874779d69ade40d4fa1abe62b222a23cd50d4bc822f6f",
                "sha256:7ad866067ac1fdec27d51c8678ea760601b70e32ff1881d4dc8e1171f2b64b24"
            ],
            "markers": "python_version >= '3.6'",
            "version": "==1.0.0"
        },
        "llvmlite": {
            "hashes": [
                "sha256:10f444ab648fb4b0ca266d0dcd201892aa8051db11f5dc98dc79631fc6bbf528",
                "sha256:4b510150a5cba35f3014ce7614c4b4d2b8a5aeeebe930693825711d66c8f127f",
                "sha256:4d1ed8d1d20cf57fdfff8560740283c28f44b2dd6c3749e4677c3e19b914da0a",
                "sha256:6365f3bd781512506761e081ae88722f7acdd389ae486512d3612cdbbaf1b3f4",
                "sha256:6383bf98f71c0ccafb20ed1fc560127c26b8db9a2f3aeb09d2be4ae26c3d2674",
                "sha256:733c8a191fa8294abb4f6a699306339b19afce84c6fc29646b5c40be92fdee41",
                "sha256:75120207100c87ecf0a4bf297cd7da2ff04bf2a97aecfa2d327723f83e457779",
                "sha256:80e51d5aa02ad72da9870e89d21f9b152b0220ca551b4596a6c0614bcde336fc",
                "sha256:822975d3ad2861d163ce7b1474e32e6ca7c6a6e76143c461ffc43aedfb610857",
                "sha256:8381b5530b4064a913e0bf1fb5cdd714ddd1834e0496a9343c905be5683e013a",
                "sha256:9166ed996df3e345409bd4d98bae58e0b5e85eb2f4c32b186ff5c9ae93448da5",
                "sha256:aa844f9c0961799530915b45545c287bec1970399da27629a8d9e762ab55de9f",
                "sha256:c541226f3ceb5bd311ef4786ad0ccfff2ed10fa601b4788b7fe8164c16719ba0",
                "sha256:d5fcb329c3a8c69f280b57f91833f8a939e6688eebd4614cf6d3e04424ef3330",
                "sha256:d99059da5630d4c38b155ef0cccd34932a8d16e2c5d18b29ec6d6ec06ef3c8b7",
                "sha256:f36f1ee5905c5e91254376db7df9163aa7793cfd79220a98ef3c9b59895f0008"
            ],
            "markers": "python_version >= '3.6'",
            "version": "==0.35.0"
        },
        "marisa-trie": {
            "hashes": [
                "sha256:4419abb6b603c97e863fad994abe57ed247fb12491f4bbacb2d762bd2e8958b6",
                "sha256:c73bc25d868e8c4ea7aa7f1e19892db07bba2463351269b05340ccfa06eb2baf"
            ],
            "version": "==0.7.5"
        },
        "munkres": {
            "hashes": [
                "sha256:6b01867d4a8480d865aea2326e4b8f7c46431e9e55b4a2e32d989307d7bced2a",
                "sha256:fc44bf3c3979dada4b6b633ddeeb8ffbe8388ee9409e4d4e8310c2da1792db03"
            ],
            "version": "==1.1.4"
        },
        "nltk": {
            "hashes": [
                "sha256:845365449cd8c5f9731f7cb9f8bd6fd0767553b9d53af9eb1b3abf7700936b35"
            ],
            "version": "==3.5"
        },
        "numba": {
            "hashes": [
                "sha256:0115d0a69b3eacaa7d762b5c6b5f03179bb848470af7188785c03b2e1b3ca857",
                "sha256:17c799904ab890107895e376a52912b0bf8c05d60930acd6761d48ad3ee4f155",
                "sha256:1e60e29efe9f9b6f4378c3890a61701d961e76990ecfce4f0dd59bc728089f7d",
                "sha256:227c766ccc4730766a225d27b047b8099857fc5000d323e182d95fa4cd21ad13",
                "sha256:2edfdaff425c3ca88f67c8560fb1566de323259706b2af6c1116542d2a5a642d",
                "sha256:44661c5bd85e3d3619be0a40eedee34e397e9ccb3d4c458b70e10bf95d1ce933",
                "sha256:4a99d8110f92f1c03fb63d676083c0512c725b196b5513295808ef7402e4854a",
                "sha256:668bd792635914160e42f7fa900d9daa013bdaa9d6dae9f557454ac5bd084ba7",
                "sha256:774aae8b3cd90338a79bd2cabd4e2c28d470102019ecd7913d9f71dbdff36c04",
                "sha256:77b726448d778cb8637a50c3be151a14a7e698a4a7b1a698ac34160482505da5",
                "sha256:a19e543a254caca74acd494438ca30292854e0291e5e91a2e54b50714b4428c3",
                "sha256:a489119db86896d23b608bb77c2702cc72289d1281bcf123f4bc4cdec5e72879",
                "sha256:b213436ee6f8c18a92d5bc2e6129111c47e1b1cec890ddf8d7ae0b38f62da70e",
                "sha256:c6a8b52b260549a0496ee5a0e785153ddc26569c824da39775e762711ef53938",
                "sha256:e8e9274bda21782928bcdf4919cd1854fa1c0962461f385f6f5c686aeceed847",
                "sha256:ed9a3704827055c0882d9aff2f8785bcd9a5fe7eae044459cc0d5f3e0a80706b"
            ],
            "markers": "python_version >= '3.6' and python_version < '3.9'",
            "version": "==0.52.0"
        },
        "numpy": {
            "hashes": [
                "sha256:012426a41bc9ab63bb158635aecccc7610e3eff5d31d1eb43bc099debc979d94",
                "sha256:06fab248a088e439402141ea04f0fffb203723148f6ee791e9c75b3e9e82f080",
                "sha256:0eef32ca3132a48e43f6a0f5a82cb508f22ce5a3d6f67a8329c81c8e226d3f6e",
                "sha256:1ded4fce9cfaaf24e7a0ab51b7a87be9038ea1ace7f34b841fe3b6894c721d1c",
                "sha256:2e55195bc1c6b705bfd8ad6f288b38b11b1af32f3c8289d6c50d47f950c12e76",
                "sha256:2ea52bd92ab9f768cc64a4c3ef8f4b2580a17af0a5436f6126b08efbd1838371",
                "sha256:36674959eed6957e61f11c912f71e78857a8d0604171dfd9ce9ad5cbf41c511c",
                "sha256:384ec0463d1c2671170901994aeb6dce126de0a95ccc3976c43b0038a37329c2",
                "sha256:39b70c19ec771805081578cc936bbe95336798b7edf4732ed102e7a43ec5c07a",
                "sha256:400580cbd3cff6ffa6293df2278c75aef2d58d8d93d3c5614cd67981dae68ceb",
                "sha256:43d4c81d5ffdff6bae58d66a3cd7f54a7acd9a0e7b18d97abb255defc09e3140",
                "sha256:50a4a0ad0111cc1b71fa32dedd05fa239f7fb5a43a40663269bb5dc7877cfd28",
                "sha256:603aa0706be710eea8884af807b1b3bc9fb2e49b9f4da439e76000f3b3c6ff0f",
                "sha256:6149a185cece5ee78d1d196938b2a8f9d09f5a5ebfbba66969302a778d5ddd1d",
                "sha256:759e4095edc3c1b3ac031f34d9459fa781777a93ccc633a472a5468587a190ff",
                "sha256:7fb43004bce0ca31d8f13a6eb5e943fa73371381e53f7074ed21a4cb786c32f8",
                "sha256:811daee36a58dc79cf3d8bdd4a490e4277d0e4b7d103a001a4e73ddb48e7e6aa",
                "sha256:8b5e972b43c8fc27d56550b4120fe6257fdc15f9301914380b27f74856299fea",
                "sha256:99abf4f353c3d1a0c7a5f27699482c987cf663b1eac20db59b8c7b061eabd7fc",
                "sha256:a0d53e51a6cb6f0d9082decb7a4cb6dfb33055308c4c44f53103c073f649af73",
                "sha256:a12ff4c8ddfee61f90a1633a4c4afd3f7bcb32b11c52026c92a12e1325922d0d",
                "sha256:a4646724fba402aa7504cd48b4b50e783296b5e10a524c7a6da62e4a8ac9698d",
                "sha256:a76f502430dd98d7546e1ea2250a7360c065a5fdea52b2dffe8ae7180909b6f4",
                "sha256:a9d17f2be3b427fbb2bce61e596cf555d6f8a56c222bd2ca148baeeb5e5c783c",
                "sha256:ab83f24d5c52d60dbc8cd0528759532736b56db58adaa7b5f1f76ad551416a1e",
                "sha256:aeb9ed923be74e659984e321f609b9ba54a48354bfd168d21a2b072ed1e833ea",
                "sha256:c843b3f50d1ab7361ca4f0b3639bf691569493a56808a0b0c54a051d260b7dbd",
                "sha256:cae865b1cae1ec2663d8ea56ef6ff185bad091a5e33ebbadd98de2cfa3fa668f",
                "sha256:cc6bd4fd593cb261332568485e20a0712883cf631f6f5e8e86a52caa8b2b50ff",
                "sha256:cf2402002d3d9f91c8b01e66fbb436a4ed01c6498fffed0e4c7566da1d40ee1e",
                "sha256:d051ec1c64b85ecc69531e1137bb9751c6830772ee5c1c426dbcfe98ef5788d7",
                "sha256:d6631f2e867676b13026e2846180e2c13c1e11289d67da08d71cacb2cd93d4aa",
                "sha256:dbd18bcf4889b720ba13a27ec2f2aac1981bd41203b3a3b27ba7a33f88ae4827",
                "sha256:df609c82f18c5b9f6cb97271f03315ff0dbe481a2a02e56aeb1b1a985ce38e60"
            ],
            "index": "pypi",
            "version": "==1.19.5"
        },
        "pandas": {
            "hashes": [
                "sha256:0be6102dd99910513e75ed6536284743ead810349c51bdeadd2a5b6649f30abb",
                "sha256:272675a98fa4954b9fc0933df775596fc942e50015d7e75d8f19548808a2bfdf",
                "sha256:2d8b4f532db37418121831a461fd107d826c240b098f52e7a1b4ab3d5aaa4fb2",
                "sha256:33318fa24b192b1a4684347ff76679a7267fd4e547da9f71556a5914f0dc10e7",
                "sha256:3bc6d2be03cb75981d8cbeda09503cd9d6d699fc0dc28a65e197165ad527b7b8",
                "sha256:43482789c55cbabeed9482263cfc98a11e8fcae900cb63ef038948acb4a72570",
                "sha256:616478c1bd8fe1e600f521ae2da434e021c11e7a4e5da3451d02906143d3629a",
                "sha256:6c1a57e4d0d6f9633a07817c44e6b36d81c265fe4c52d0c0505513a2d0f7953c",
                "sha256:7904ee438549b5223ce8dc008772458dd7c5cf0ccc64cf903e81202400702235",
                "sha256:7b54c14130a3448d81eed1348f52429c23e27188d9db6e6d4afeae792bc49c11",
                "sha256:8f92b07cdbfa3704d85b4264e52c216cafe6c0059b0d07cdad8cb29e0b90f2b8",
                "sha256:91fd0b94e7b98528177a05e6f65efea79d7ef9dec15ee48c7c69fc39fdd87235",
                "sha256:9c6692cea6d56da8650847172bdb148622f545e7782d17995822434c79d7a211",
                "sha256:9e18631d996fe131de6cb31a8bdae18965cc8f39eb23fdfbbf42808ecc63dabf",
                "sha256:cba93d4fd3b0a42858b2b599495aff793fb5d94587979f45a14177d1217ba446",
                "sha256:e03386615b970b8b41da6a68afe717626741bb2431cec993640685614c0680e4",
                "sha256:f8b87d2f541cd9bc4ecfe85a561abac85c33fe4de4ce70cca36b2768af2611f5"
            ],
            "index": "pypi",
            "version": "==1.2.0"
        },
        "panphon": {
            "hashes": [
                "sha256:4179d87f1fd6c8024bc357471d7ebd03a8fc5850482b9ff14fd4895cb9dcab87",
                "sha256:c223338e553d9ccfbfd3ca5ecb52170dd65c3323b8f208883dde639aa95a9c70"
            ],
            "version": "==0.17"
        },
        "python-dateutil": {
            "hashes": [
                "sha256:73ebfe9dbf22e832286dafa60473e4cd239f8592f699aa5adaf10050e6e1823c",
                "sha256:75bb3f31ea686f1197762692a9ee6a7550b59fc6ca3a1f4b5d7e32fb98e2da2a"
            ],
            "markers": "python_version >= '2.7' and python_version not in '3.0, 3.1, 3.2, 3.3'",
            "version": "==2.8.1"
        },
        "pytz": {
            "hashes": [
                "sha256:16962c5fb8db4a8f63a26646d8886e9d769b6c511543557bc84e9569fb9a9cb4",
                "sha256:180befebb1927b16f6b57101720075a984c019ac16b1b7575673bea42c6c3da5"
            ],
            "version": "==2020.5"
        },
        "pyyaml": {
            "hashes": [
                "sha256:06a0d7ba600ce0b2d2fe2e78453a470b5a6e000a985dd4a4e54e436cc36b0e97",
                "sha256:240097ff019d7c70a4922b6869d8a86407758333f02203e0fc6ff79c5dcede76",
                "sha256:4f4b913ca1a7319b33cfb1369e91e50354d6f07a135f3b901aca02aa95940bd2",
                "sha256:6034f55dab5fea9e53f436aa68fa3ace2634918e8b5994d82f3621c04ff5ed2e",
                "sha256:69f00dca373f240f842b2931fb2c7e14ddbacd1397d57157a9b005a6a9942648",
                "sha256:73f099454b799e05e5ab51423c7bcf361c58d3206fa7b0d555426b1f4d9a3eaf",
                "sha256:74809a57b329d6cc0fdccee6318f44b9b8649961fa73144a98735b0aaf029f1f",
                "sha256:7739fc0fa8205b3ee8808aea45e968bc90082c10aef6ea95e855e10abf4a37b2",
                "sha256:95f71d2af0ff4227885f7a6605c37fd53d3a106fcab511b8860ecca9fcf400ee",
                "sha256:ad9c67312c84def58f3c04504727ca879cb0013b2517c85a9a253f0cb6380c0a",
                "sha256:b8eac752c5e14d3eca0e6dd9199cd627518cb5ec06add0de9d32baeee6fe645d",
                "sha256:cc8955cfbfc7a115fa81d85284ee61147059a753344bc51098f3ccd69b0d7e0c",
                "sha256:d13155f591e6fcc1ec3b30685d50bf0711574e2c0dfffd7644babf8b5102ca1a"
            ],
            "version": "==5.3.1"
        },
        "regex": {
            "hashes": [
                "sha256:02951b7dacb123d8ea6da44fe45ddd084aa6777d4b2454fa0da61d569c6fa538",
                "sha256:0d08e71e70c0237883d0bef12cad5145b84c3705e9c6a588b2a9c7080e5af2a4",
                "sha256:1862a9d9194fae76a7aaf0150d5f2a8ec1da89e8b55890b1786b8f88a0f619dc",
                "sha256:1ab79fcb02b930de09c76d024d279686ec5d532eb814fd0ed1e0051eb8bd2daa",
                "sha256:1fa7ee9c2a0e30405e21031d07d7ba8617bc590d391adfc2b7f1e8b99f46f444",
                "sha256:262c6825b309e6485ec2493ffc7e62a13cf13fb2a8b6d212f72bd53ad34118f1",
                "sha256:2a11a3e90bd9901d70a5b31d7dd85114755a581a5da3fc996abfefa48aee78af",
                "sha256:2c99e97d388cd0a8d30f7c514d67887d8021541b875baf09791a3baad48bb4f8",
                "sha256:3128e30d83f2e70b0bed9b2a34e92707d0877e460b402faca908c6667092ada9",
                "sha256:38c8fd190db64f513fe4e1baa59fed086ae71fa45083b6936b52d34df8f86a88",
                "sha256:3bddc701bdd1efa0d5264d2649588cbfda549b2899dc8d50417e47a82e1387ba",
                "sha256:4902e6aa086cbb224241adbc2f06235927d5cdacffb2425c73e6570e8d862364",
                "sha256:49cae022fa13f09be91b2c880e58e14b6da5d10639ed45ca69b85faf039f7a4e",
                "sha256:56e01daca75eae420bce184edd8bb341c8eebb19dd3bce7266332258f9fb9dd7",
                "sha256:5862975b45d451b6db51c2e654990c1820523a5b07100fc6903e9c86575202a0",
                "sha256:6a8ce43923c518c24a2579fda49f093f1397dad5d18346211e46f134fc624e31",
                "sha256:6c54ce4b5d61a7129bad5c5dc279e222afd00e721bf92f9ef09e4fae28755683",
                "sha256:6e4b08c6f8daca7d8f07c8d24e4331ae7953333dbd09c648ed6ebd24db5a10ee",
                "sha256:717881211f46de3ab130b58ec0908267961fadc06e44f974466d1887f865bd5b",
                "sha256:749078d1eb89484db5f34b4012092ad14b327944ee7f1c4f74d6279a6e4d1884",
                "sha256:7913bd25f4ab274ba37bc97ad0e21c31004224ccb02765ad984eef43e04acc6c",
                "sha256:7a25fcbeae08f96a754b45bdc050e1fb94b95cab046bf56b016c25e9ab127b3e",
                "sha256:83d6b356e116ca119db8e7c6fc2983289d87b27b3fac238cfe5dca529d884562",
                "sha256:8b882a78c320478b12ff024e81dc7d43c1462aa4a3341c754ee65d857a521f85",
                "sha256:8f6a2229e8ad946e36815f2a03386bb8353d4bde368fdf8ca5f0cb97264d3b5c",
                "sha256:9801c4c1d9ae6a70aeb2128e5b4b68c45d4f0af0d1535500884d644fa9b768c6",
                "sha256:a15f64ae3a027b64496a71ab1f722355e570c3fac5ba2801cafce846bf5af01d",
                "sha256:a3d748383762e56337c39ab35c6ed4deb88df5326f97a38946ddd19028ecce6b",
                "sha256:a63f1a07932c9686d2d416fb295ec2c01ab246e89b4d58e5fa468089cab44b70",
                "sha256:b2b1a5ddae3677d89b686e5c625fc5547c6e492bd755b520de5332773a8af06b",
                "sha256:b2f4007bff007c96a173e24dcda236e5e83bde4358a557f9ccf5e014439eae4b",
                "sha256:baf378ba6151f6e272824b86a774326f692bc2ef4cc5ce8d5bc76e38c813a55f",
                "sha256:bafb01b4688833e099d79e7efd23f99172f501a15c44f21ea2118681473fdba0",
                "sha256:bba349276b126947b014e50ab3316c027cac1495992f10e5682dc677b3dfa0c5",
                "sha256:c084582d4215593f2f1d28b65d2a2f3aceff8342aa85afd7be23a9cad74a0de5",
                "sha256:d1ebb090a426db66dd80df8ca85adc4abfcbad8a7c2e9a5ec7513ede522e0a8f",
                "sha256:d2d8ce12b7c12c87e41123997ebaf1a5767a5be3ec545f64675388970f415e2e",
                "sha256:e32f5f3d1b1c663af7f9c4c1e72e6ffe9a78c03a31e149259f531e0fed826512",
                "sha256:e3faaf10a0d1e8e23a9b51d1900b72e1635c2d5b0e1bea1c18022486a8e2e52d",
                "sha256:f7d29a6fc4760300f86ae329e3b6ca28ea9c20823df123a2ea8693e967b29917",
                "sha256:f8f295db00ef5f8bae530fc39af0b40486ca6068733fb860b42115052206466f"
            ],
            "version": "==2020.11.13"
        },
        "resampy": {
            "hashes": [
                "sha256:62af020d8a6674d8117f62320ce9470437bb1d738a5d06cd55591b69b463929e"
            ],
            "version": "==0.2.2"
        },
        "scipy": {
            "hashes": [
                "sha256:155225621df90fcd151e25d51c50217e412de717475999ebb76e17e310176981",
                "sha256:1bc5b446600c4ff7ab36bade47180673141322f0febaa555f1c433fe04f2a0e3",
                "sha256:2f1c2ebca6fd867160e70102200b1bd07b3b2d31a3e6af3c58d688c15d0d07b7",
                "sha256:313785c4dab65060f9648112d025f6d2fec69a8a889c714328882d678a95f053",
                "sha256:31ab217b5c27ab429d07428a76002b33662f98986095bbce5d55e0788f7e8b15",
                "sha256:3d4303e3e21d07d9557b26a1707bb9fc065510ee8501c9bf22a0157249a82fd0",
                "sha256:4f1d9cc977ac6a4a63c124045c1e8bf67ec37098f67c699887a93736961a00ae",
                "sha256:58731bbe0103e96b89b2f41516699db9b63066e4317e31b8402891571f6d358f",
                "sha256:8629135ee00cc2182ac8be8e75643b9f02235942443732c2ed69ab48edcb6614",
                "sha256:876badc33eec20709d4e042a09834f5953ebdac4088d45a4f3a1f18b56885718",
                "sha256:8840a9adb4ede3751f49761653d3ebf664f25195fdd42ada394ffea8903dd51d",
                "sha256:aef3a2dbc436bbe8f6e0b635f0b5fe5ed024b522eee4637dbbe0b974129ca734",
                "sha256:b8af26839ae343655f3ca377a5d5e5466f1d3b3ac7432a43449154fe958ae0e0",
                "sha256:c0911f3180de343643f369dc5cfedad6ba9f939c2d516bddea4a6871eb000722",
                "sha256:cb6dc9f82dfd95f6b9032a8d7ea70efeeb15d5b5fd6ed4e8537bb3c673580566",
                "sha256:cdbc47628184a0ebeb5c08f1892614e1bd4a51f6e0d609c6eed253823a960f5b",
                "sha256:d902d3a5ad7f28874c0a82db95246d24ca07ad932741df668595fe00a4819870",
                "sha256:eb7928275f3560d47e5538e15e9f32b3d64cd30ea8f85f3e82987425476f53f6",
                "sha256:f68d5761a2d2376e2b194c8e9192bbf7c51306ca176f1a0889990a52ef0d551f"
            ],
            "index": "pypi",
            "version": "==1.6.0"
        },
        "six": {
            "hashes": [
                "sha256:30639c035cdb23534cd4aa2dd52c3bf48f06e5f4a941509c8bafd8ce11080259",
                "sha256:8b74bedcbbbaca38ff6d7491d76f2b06b3592611af620f8426e82dddb04a5ced"
            ],
            "markers": "python_version >= '2.7' and python_version not in '3.0, 3.1, 3.2, 3.3'",
            "version": "==1.15.0"
        },
        "text-utils": {
            "editable": true,
            "git": "https://github.com/stefantaubert/text-utils.git",
            "ref": "a93a8a3c27e693b01fa734de3c9f5be53154c04e"
        },
        "textgrid": {
            "hashes": [
                "sha256:78c459da90a2d2b8c5b66bcf78160bc5517518df6070712b8d9222bf2af87c9c",
                "sha256:819b467398da3b95932a456fb728d8293a21f958b698b00c266f3c018bb90910",
                "sha256:b4ac3ce41788f42b67711227f4e2e381271290db845c31169e3ca4f8fa915bbd"
            ],
            "index": "pypi",
            "version": "==1.5"
        },
        "tqdm": {
            "hashes": [
                "sha256:5c0d04e06ccc0da1bd3fa5ae4550effcce42fcad947b4a6cafa77bdc9b09ff22",
                "sha256:9e7b8ab0ecbdbf0595adadd5f0ebbb9e69010e0bd48bbb0c15e550bf2a5292df"
            ],
            "index": "pypi",
            "version": "==4.54.0"
        },
        "unicodecsv": {
            "hashes": [
                "sha256:018c08037d48649a0412063ff4eda26eaa81eff1546dbffa51fa5293276ff7fc"
            ],
            "version": "==0.14.1"
        },
        "unidecode": {
            "hashes": [
                "sha256:4c9d15d2f73eb0d2649a151c566901f80a030da1ccb0a2043352e1dbf647586b",
                "sha256:a039f89014245e0cad8858976293e23501accc9ff5a7bdbc739a14a2b7b85cdc"
            ],
            "version": "==1.1.2"
        },
        "wget": {
            "hashes": [
                "sha256:35e630eca2aa50ce998b9b1a127bb26b30dfee573702782aa982f875e3f16061"
            ],
            "index": "pypi",
            "version": "==3.2"
        },
        "zhon": {
            "hashes": [
                "sha256:793723575c46f10ace8846c579ce740b04c73e2aa583e04e000aedbd4a47f87f"
            ],
            "version": "==1.1.5"
        }
    },
    "develop": {
        "appdirs": {
            "hashes": [
                "sha256:7d5d0167b2b1ba821647616af46a749d1c653740dd0d2415100fe26e27afdf41",
                "sha256:a841dacd6b99318a741b166adb07e19ee71a274450e68237b4650ca1055ab128"
            ],
            "version": "==1.4.4"
        },
        "astroid": {
            "hashes": [
                "sha256:2f4078c2a41bf377eea06d71c9d2ba4eb8f6b1af2135bec27bbbb7d8f12bb703",
                "sha256:bc58d83eb610252fd8de6363e39d4f1d0619c894b0ed24603b881c02e64c7386"
            ],
            "markers": "python_version >= '3.5'",
            "version": "==2.4.2"
        },
        "attrs": {
            "hashes": [
                "sha256:31b2eced602aa8423c2aea9c76a724617ed67cf9513173fd3a4f03e3a929c7e6",
                "sha256:832aa3cde19744e49938b91fea06d69ecb9e649c93ba974535d08ad92164f700"
            ],
            "markers": "python_version >= '2.7' and python_version not in '3.0, 3.1, 3.2, 3.3'",
            "version": "==20.3.0"
        },
        "autopep8": {
            "hashes": [
                "sha256:d21d3901cb0da6ebd1e83fc9b0dfbde8b46afc2ede4fe32fbda0c7c6118ca094"
            ],
            "index": "pypi",
            "version": "==1.5.4"
        },
        "black": {
            "hashes": [
                "sha256:1b30e59be925fafc1ee4565e5e08abef6b03fe455102883820fe5ee2e4734e0b",
                "sha256:c2edb73a08e9e0e6f65a0e6af18b059b8b1cdd5bef997d7a0b181df93dc81539"
            ],
            "markers": "python_version >= '3.6'",
            "version": "==19.10b0"
        },
        "cached-property": {
            "hashes": [
                "sha256:9fa5755838eecbb2d234c3aa390bd80fbd3ac6b6869109bfc1b499f7bd89a130",
                "sha256:df4f613cf7ad9a588cc381aaf4a512d26265ecebd5eb9e1ba12f1319eb85a6a0"
            ],
            "version": "==1.5.2"
        },
        "cerberus": {
            "hashes": [
                "sha256:302e6694f206dd85cb63f13fd5025b31ab6d38c99c50c6d769f8fa0b0f299589"
            ],
            "version": "==1.3.2"
        },
        "certifi": {
            "hashes": [
                "sha256:1a4995114262bffbc2413b159f2a1a480c969de6e6eb13ee966d470af86af59c",
                "sha256:719a74fb9e33b9bd44cc7f3a8d94bc35e4049deebe19ba7d8e108280cfd59830"
            ],
            "version": "==2020.12.5"
        },
        "chardet": {
            "hashes": [
                "sha256:0d6f53a15db4120f2b08c94f11e7d93d2c911ee118b6b30a04ec3ee8310179fa",
                "sha256:f864054d66fd9118f2e67044ac8981a54775ec5b67aed0441892edb553d21da5"
            ],
            "markers": "python_version >= '2.7' and python_version not in '3.0, 3.1, 3.2, 3.3, 3.4'",
            "version": "==4.0.0"
        },
        "click": {
            "hashes": [
                "sha256:d2b5255c7c6349bc1bd1e59e08cd12acbbd63ce649f2588755783aa94dfb6b1a",
                "sha256:dacca89f4bfadd5de3d7489b7c8a566eee0d3676333fbb50030263894c38c0dc"
            ],
            "markers": "python_version >= '2.7' and python_version not in '3.0, 3.1, 3.2, 3.3, 3.4'",
            "version": "==7.1.2"
        },
        "colorama": {
            "hashes": [
                "sha256:5941b2b48a20143d2267e95b1c2a7603ce057ee39fd88e7329b0c292aa16869b",
                "sha256:9f47eda37229f68eee03b24b9748937c7dc3868f906e8ba69fbcbdd3bc5dc3e2"
            ],
            "markers": "python_version >= '2.7' and python_version not in '3.0, 3.1, 3.2, 3.3, 3.4'",
            "version": "==0.4.4"
        },
        "distlib": {
            "hashes": [
                "sha256:8c09de2c67b3e7deef7184574fc060ab8a793e7adbb183d942c389c8b13c52fb",
                "sha256:edf6116872c863e1aa9d5bb7cb5e05a022c519a4594dc703843343a9ddd9bff1"
            ],
            "version": "==0.3.1"
        },
        "idna": {
            "hashes": [
                "sha256:b307872f855b18632ce0c21c5e45be78c0ea7ae4c15c828c20788b26921eb3f6",
                "sha256:b97d804b1e9b523befed77c48dacec60e6dcb0b5391d57af6a65a312a90648c0"
            ],
            "markers": "python_version >= '2.7' and python_version not in '3.0, 3.1, 3.2, 3.3'",
            "version": "==2.10"
        },
        "isort": {
            "hashes": [
                "sha256:c729845434366216d320e936b8ad6f9d681aab72dc7cbc2d51bedc3582f3ad1e",
                "sha256:fff4f0c04e1825522ce6949973e83110a6e907750cd92d128b0d14aaaadbffdc"
            ],
            "index": "pypi",
            "version": "==5.7.0"
        },
        "lazy-object-proxy": {
            "hashes": [
                "sha256:0c4b206227a8097f05c4dbdd323c50edf81f15db3b8dc064d08c62d37e1a504d",
                "sha256:194d092e6f246b906e8f70884e620e459fc54db3259e60cf69a4d66c3fda3449",
                "sha256:1be7e4c9f96948003609aa6c974ae59830a6baecc5376c25c92d7d697e684c08",
                "sha256:4677f594e474c91da97f489fea5b7daa17b5517190899cf213697e48d3902f5a",
                "sha256:48dab84ebd4831077b150572aec802f303117c8cc5c871e182447281ebf3ac50",
                "sha256:5541cada25cd173702dbd99f8e22434105456314462326f06dba3e180f203dfd",
                "sha256:59f79fef100b09564bc2df42ea2d8d21a64fdcda64979c0fa3db7bdaabaf6239",
                "sha256:8d859b89baf8ef7f8bc6b00aa20316483d67f0b1cbf422f5b4dc56701c8f2ffb",
                "sha256:9254f4358b9b541e3441b007a0ea0764b9d056afdeafc1a5569eee1cc6c1b9ea",
                "sha256:9651375199045a358eb6741df3e02a651e0330be090b3bc79f6d0de31a80ec3e",
                "sha256:97bb5884f6f1cdce0099f86b907aa41c970c3c672ac8b9c8352789e103cf3156",
                "sha256:9b15f3f4c0f35727d3a0fba4b770b3c4ebbb1fa907dbcc046a1d2799f3edd142",
                "sha256:a2238e9d1bb71a56cd710611a1614d1194dc10a175c1e08d75e1a7bcc250d442",
                "sha256:a6ae12d08c0bf9909ce12385803a543bfe99b95fe01e752536a60af2b7797c62",
                "sha256:ca0a928a3ddbc5725be2dd1cf895ec0a254798915fb3a36af0964a0a4149e3db",
                "sha256:cb2c7c57005a6804ab66f106ceb8482da55f5314b7fcb06551db1edae4ad1531",
                "sha256:d74bb8693bf9cf75ac3b47a54d716bbb1a92648d5f781fc799347cfc95952383",
                "sha256:d945239a5639b3ff35b70a88c5f2f491913eb94871780ebfabb2568bd58afc5a",
                "sha256:eba7011090323c1dadf18b3b689845fd96a61ba0a1dfbd7f24b921398affc357",
                "sha256:efa1909120ce98bbb3777e8b6f92237f5d5c8ea6758efea36a473e1d38f7d3e4",
                "sha256:f3900e8a5de27447acbf900b4750b0ddfd7ec1ea7fbaf11dfa911141bc522af0"
            ],
            "markers": "python_version >= '2.7' and python_version not in '3.0, 3.1, 3.2, 3.3'",
            "version": "==1.4.3"
        },
        "mccabe": {
            "hashes": [
                "sha256:ab8a6258860da4b6677da4bd2fe5dc2c659cff31b3ee4f7f5d64e79735b80d42",
                "sha256:dd8d182285a0fe56bace7f45b5e7d1a6ebcbf524e8f3bd87eb0f125271b8831f"
            ],
            "version": "==0.6.1"
        },
        "orderedmultidict": {
            "hashes": [
                "sha256:04070bbb5e87291cc9bfa51df413677faf2141c73c61d2a5f7b26bea3cd882ad",
                "sha256:43c839a17ee3cdd62234c47deca1a8508a3f2ca1d0678a3bf791c87cf84adbf3"
            ],
            "version": "==1.0.1"
        },
        "packaging": {
            "hashes": [
                "sha256:24e0da08660a87484d1602c30bb4902d74816b6985b93de36926f5bc95741858",
                "sha256:78598185a7008a470d64526a8059de9aaa449238f280fc9eb6b13ba6c4109093"
            ],
            "markers": "python_version >= '2.7' and python_version not in '3.0, 3.1, 3.2, 3.3'",
            "version": "==20.8"
        },
        "pathspec": {
            "hashes": [
                "sha256:86379d6b86d75816baba717e64b1a3a3469deb93bb76d613c9ce79edc5cb68fd",
                "sha256:aa0cb481c4041bf52ffa7b0d8fa6cd3e88a2ca4879c533c9153882ee2556790d"
            ],
            "version": "==0.8.1"
        },
        "pep517": {
            "hashes": [
                "sha256:3985b91ebf576883efe5fa501f42a16de2607684f3797ddba7202b71b7d0da51",
                "sha256:aeb78601f2d1aa461960b43add204cc7955667687fbcf9cdb5170f00556f117f"
            ],
            "version": "==0.9.1"
        },
        "pip-shims": {
            "hashes": [
                "sha256:05b00ade9d1e686a98bb656dd9b0608a933897283dc21913fad6ea5409ff7e91",
                "sha256:16ca9f87485667b16b978b68a1aae4f9cc082c0fa018aed28567f9f34a590569"
            ],
            "markers": "python_version >= '2.7' and python_version not in '3.0, 3.1, 3.2, 3.3, 3.4'",
            "version": "==0.5.3"
        },
        "pipenv-setup": {
            "hashes": [
                "sha256:8a439aff7b16e18d7e07702c9186fc5fe86156679eace90e10c2578a43bd7af1",
                "sha256:e1bfd55c1152024e762f1c17f6189fcb073166509e7c0228870f7ea160355648"
            ],
            "index": "pypi",
            "version": "==3.1.1"
        },
        "pipfile": {
            "hashes": [
                "sha256:f7d9f15de8b660986557eb3cc5391aa1a16207ac41bc378d03f414762d36c984"
            ],
            "version": "==0.0.2"
        },
        "plette": {
            "extras": [
                "validation"
            ],
            "hashes": [
                "sha256:46402c03e36d6eadddad2a5125990e322dd74f98160c8f2dcd832b2291858a26",
                "sha256:d6c9b96981b347bddd333910b753b6091a2c1eb2ef85bb373b4a67c9d91dca16"
            ],
            "markers": "python_version >= '2.6' and python_version not in '3.0, 3.1, 3.2, 3.3'",
            "version": "==0.2.3"
        },
        "pycodestyle": {
            "hashes": [
                "sha256:2295e7b2f6b5bd100585ebcb1f616591b652db8a741695b3d8f5d28bdc934367",
                "sha256:c58a7d2815e0e8d7972bf1803331fb0152f867bd89adf8a01dfd55085434192e"
            ],
            "index": "pypi",
            "version": "==2.6.0"
        },
        "pylint": {
            "hashes": [
                "sha256:bb4a908c9dadbc3aac18860550e870f58e1a02c9f2c204fdf5693d73be061210",
                "sha256:bfe68f020f8a0fece830a22dd4d5dddb4ecc6137db04face4c3420a46a52239f"
            ],
            "index": "pypi",
            "version": "==2.6.0"
        },
        "pyparsing": {
            "hashes": [
                "sha256:c203ec8783bf771a155b207279b9bccb8dea02d8f0c9e5f8ead507bc3246ecc1",
                "sha256:ef9d7589ef3c200abe66653d3f1ab1033c3c419ae9b9bdb1240a85b024efc88b"
            ],
            "markers": "python_version >= '2.6' and python_version not in '3.0, 3.1, 3.2, 3.3'",
            "version": "==2.4.7"
        },
        "python-dateutil": {
            "hashes": [
                "sha256:73ebfe9dbf22e832286dafa60473e4cd239f8592f699aa5adaf10050e6e1823c",
                "sha256:75bb3f31ea686f1197762692a9ee6a7550b59fc6ca3a1f4b5d7e32fb98e2da2a"
            ],
            "markers": "python_version >= '2.7' and python_version not in '3.0, 3.1, 3.2, 3.3'",
            "version": "==2.8.1"
        },
        "regex": {
            "hashes": [
                "sha256:02951b7dacb123d8ea6da44fe45ddd084aa6777d4b2454fa0da61d569c6fa538",
                "sha256:0d08e71e70c0237883d0bef12cad5145b84c3705e9c6a588b2a9c7080e5af2a4",
                "sha256:1862a9d9194fae76a7aaf0150d5f2a8ec1da89e8b55890b1786b8f88a0f619dc",
                "sha256:1ab79fcb02b930de09c76d024d279686ec5d532eb814fd0ed1e0051eb8bd2daa",
                "sha256:1fa7ee9c2a0e30405e21031d07d7ba8617bc590d391adfc2b7f1e8b99f46f444",
                "sha256:262c6825b309e6485ec2493ffc7e62a13cf13fb2a8b6d212f72bd53ad34118f1",
                "sha256:2a11a3e90bd9901d70a5b31d7dd85114755a581a5da3fc996abfefa48aee78af",
                "sha256:2c99e97d388cd0a8d30f7c514d67887d8021541b875baf09791a3baad48bb4f8",
                "sha256:3128e30d83f2e70b0bed9b2a34e92707d0877e460b402faca908c6667092ada9",
                "sha256:38c8fd190db64f513fe4e1baa59fed086ae71fa45083b6936b52d34df8f86a88",
                "sha256:3bddc701bdd1efa0d5264d2649588cbfda549b2899dc8d50417e47a82e1387ba",
                "sha256:4902e6aa086cbb224241adbc2f06235927d5cdacffb2425c73e6570e8d862364",
                "sha256:49cae022fa13f09be91b2c880e58e14b6da5d10639ed45ca69b85faf039f7a4e",
                "sha256:56e01daca75eae420bce184edd8bb341c8eebb19dd3bce7266332258f9fb9dd7",
                "sha256:5862975b45d451b6db51c2e654990c1820523a5b07100fc6903e9c86575202a0",
                "sha256:6a8ce43923c518c24a2579fda49f093f1397dad5d18346211e46f134fc624e31",
                "sha256:6c54ce4b5d61a7129bad5c5dc279e222afd00e721bf92f9ef09e4fae28755683",
                "sha256:6e4b08c6f8daca7d8f07c8d24e4331ae7953333dbd09c648ed6ebd24db5a10ee",
                "sha256:717881211f46de3ab130b58ec0908267961fadc06e44f974466d1887f865bd5b",
                "sha256:749078d1eb89484db5f34b4012092ad14b327944ee7f1c4f74d6279a6e4d1884",
                "sha256:7913bd25f4ab274ba37bc97ad0e21c31004224ccb02765ad984eef43e04acc6c",
                "sha256:7a25fcbeae08f96a754b45bdc050e1fb94b95cab046bf56b016c25e9ab127b3e",
                "sha256:83d6b356e116ca119db8e7c6fc2983289d87b27b3fac238cfe5dca529d884562",
                "sha256:8b882a78c320478b12ff024e81dc7d43c1462aa4a3341c754ee65d857a521f85",
                "sha256:8f6a2229e8ad946e36815f2a03386bb8353d4bde368fdf8ca5f0cb97264d3b5c",
                "sha256:9801c4c1d9ae6a70aeb2128e5b4b68c45d4f0af0d1535500884d644fa9b768c6",
                "sha256:a15f64ae3a027b64496a71ab1f722355e570c3fac5ba2801cafce846bf5af01d",
                "sha256:a3d748383762e56337c39ab35c6ed4deb88df5326f97a38946ddd19028ecce6b",
                "sha256:a63f1a07932c9686d2d416fb295ec2c01ab246e89b4d58e5fa468089cab44b70",
                "sha256:b2b1a5ddae3677d89b686e5c625fc5547c6e492bd755b520de5332773a8af06b",
                "sha256:b2f4007bff007c96a173e24dcda236e5e83bde4358a557f9ccf5e014439eae4b",
                "sha256:baf378ba6151f6e272824b86a774326f692bc2ef4cc5ce8d5bc76e38c813a55f",
                "sha256:bafb01b4688833e099d79e7efd23f99172f501a15c44f21ea2118681473fdba0",
                "sha256:bba349276b126947b014e50ab3316c027cac1495992f10e5682dc677b3dfa0c5",
                "sha256:c084582d4215593f2f1d28b65d2a2f3aceff8342aa85afd7be23a9cad74a0de5",
                "sha256:d1ebb090a426db66dd80df8ca85adc4abfcbad8a7c2e9a5ec7513ede522e0a8f",
                "sha256:d2d8ce12b7c12c87e41123997ebaf1a5767a5be3ec545f64675388970f415e2e",
                "sha256:e32f5f3d1b1c663af7f9c4c1e72e6ffe9a78c03a31e149259f531e0fed826512",
                "sha256:e3faaf10a0d1e8e23a9b51d1900b72e1635c2d5b0e1bea1c18022486a8e2e52d",
                "sha256:f7d29a6fc4760300f86ae329e3b6ca28ea9c20823df123a2ea8693e967b29917",
                "sha256:f8f295db00ef5f8bae530fc39af0b40486ca6068733fb860b42115052206466f"
            ],
            "version": "==2020.11.13"
        },
        "requests": {
            "hashes": [
                "sha256:27973dd4a904a4f13b263a19c866c13b92a39ed1c964655f025f3f8d3d75b804",
                "sha256:c210084e36a42ae6b9219e00e48287def368a26d03a048ddad7bfee44f75871e"
            ],
            "markers": "python_version >= '2.7' and python_version not in '3.0, 3.1, 3.2, 3.3, 3.4'",
            "version": "==2.25.1"
        },
        "requirementslib": {
            "hashes": [
                "sha256:50d20f27e4515a2393695b0d886219598302163438ae054253147b2bad9b4a44",
                "sha256:9c1e8666ca4512724cdd1739adcc7df19ec7ad2ed21f0e748f9631ad6b54f321"
            ],
            "markers": "python_version >= '2.7' and python_version not in '3.0, 3.1, 3.2, 3.3, 3.4'",
            "version": "==1.5.16"
        },
        "rope": {
            "hashes": [
                "sha256:786b5c38c530d4846aa68a42604f61b4e69a493390e3ca11b88df0fbfdc3ed04"
            ],
            "index": "pypi",
            "version": "==0.18.0"
        },
        "six": {
            "hashes": [
                "sha256:30639c035cdb23534cd4aa2dd52c3bf48f06e5f4a941509c8bafd8ce11080259",
                "sha256:8b74bedcbbbaca38ff6d7491d76f2b06b3592611af620f8426e82dddb04a5ced"
            ],
            "markers": "python_version >= '2.7' and python_version not in '3.0, 3.1, 3.2, 3.3'",
            "version": "==1.15.0"
        },
        "toml": {
            "hashes": [
                "sha256:806143ae5bfb6a3c6e736a764057db0e6a0e05e338b5630894a5f779cabb4f9b",
                "sha256:b3bda1d108d5dd99f4a20d24d9c348e91c4db7ab1b749200bded2f839ccbe68f"
            ],
            "markers": "python_version >= '2.6' and python_version not in '3.0, 3.1, 3.2, 3.3'",
            "version": "==0.10.2"
        },
        "tomlkit": {
            "hashes": [
                "sha256:6babbd33b17d5c9691896b0e68159215a9387ebfa938aa3ac42f4a4beeb2b831",
                "sha256:ac57f29693fab3e309ea789252fcce3061e19110085aa31af5446ca749325618"
            ],
            "markers": "python_version >= '2.7' and python_version not in '3.0, 3.1, 3.2, 3.3, 3.4'",
            "version": "==0.7.0"
        },
        "typed-ast": {
            "hashes": [
                "sha256:07d49388d5bf7e863f7fa2f124b1b1d89d8aa0e2f7812faff0a5658c01c59aa1",
                "sha256:14bf1522cdee369e8f5581238edac09150c765ec1cb33615855889cf33dcb92d",
                "sha256:240296b27397e4e37874abb1df2a608a92df85cf3e2a04d0d4d61055c8305ba6",
                "sha256:36d829b31ab67d6fcb30e185ec996e1f72b892255a745d3a82138c97d21ed1cd",
                "sha256:37f48d46d733d57cc70fd5f30572d11ab8ed92da6e6b28e024e4a3edfb456e37",
                "sha256:4c790331247081ea7c632a76d5b2a265e6d325ecd3179d06e9cf8d46d90dd151",
                "sha256:5dcfc2e264bd8a1db8b11a892bd1647154ce03eeba94b461effe68790d8b8e07",
                "sha256:7147e2a76c75f0f64c4319886e7639e490fee87c9d25cb1d4faef1d8cf83a440",
                "sha256:7703620125e4fb79b64aa52427ec192822e9f45d37d4b6625ab37ef403e1df70",
                "sha256:8368f83e93c7156ccd40e49a783a6a6850ca25b556c0fa0240ed0f659d2fe496",
                "sha256:84aa6223d71012c68d577c83f4e7db50d11d6b1399a9c779046d75e24bed74ea",
                "sha256:85f95aa97a35bdb2f2f7d10ec5bbdac0aeb9dafdaf88e17492da0504de2e6400",
                "sha256:8db0e856712f79c45956da0c9a40ca4246abc3485ae0d7ecc86a20f5e4c09abc",
                "sha256:9044ef2df88d7f33692ae3f18d3be63dec69c4fb1b5a4a9ac950f9b4ba571606",
                "sha256:963c80b583b0661918718b095e02303d8078950b26cc00b5e5ea9ababe0de1fc",
                "sha256:987f15737aba2ab5f3928c617ccf1ce412e2e321c77ab16ca5a293e7bbffd581",
                "sha256:9ec45db0c766f196ae629e509f059ff05fc3148f9ffd28f3cfe75d4afb485412",
                "sha256:9fc0b3cb5d1720e7141d103cf4819aea239f7d136acf9ee4a69b047b7986175a",
                "sha256:a2c927c49f2029291fbabd673d51a2180038f8cd5a5b2f290f78c4516be48be2",
                "sha256:a38878a223bdd37c9709d07cd357bb79f4c760b29210e14ad0fb395294583787",
                "sha256:b4fcdcfa302538f70929eb7b392f536a237cbe2ed9cba88e3bf5027b39f5f77f",
                "sha256:c0c74e5579af4b977c8b932f40a5464764b2f86681327410aa028a22d2f54937",
                "sha256:c1c876fd795b36126f773db9cbb393f19808edd2637e00fd6caba0e25f2c7b64",
                "sha256:c9aadc4924d4b5799112837b226160428524a9a45f830e0d0f184b19e4090487",
                "sha256:cc7b98bf58167b7f2db91a4327da24fb93368838eb84a44c472283778fc2446b",
                "sha256:cf54cfa843f297991b7388c281cb3855d911137223c6b6d2dd82a47ae5125a41",
                "sha256:d003156bb6a59cda9050e983441b7fa2487f7800d76bdc065566b7d728b4581a",
                "sha256:d175297e9533d8d37437abc14e8a83cbc68af93cc9c1c59c2c292ec59a0697a3",
                "sha256:d746a437cdbca200622385305aedd9aef68e8a645e385cc483bdc5e488f07166",
                "sha256:e683e409e5c45d5c9082dc1daf13f6374300806240719f95dc783d1fc942af10"
            ],
            "version": "==1.4.2"
        },
        "urllib3": {
            "hashes": [
                "sha256:19188f96923873c92ccb987120ec4acaa12f0461fa9ce5d3d0772bc965a39e08",
                "sha256:d8ff90d979214d7b4f8ce956e80f4028fc6860e4431f731ea4a8c08f23f99473"
            ],
            "markers": "python_version >= '2.7' and python_version not in '3.0, 3.1, 3.2, 3.3, 3.4' and python_version < '4.0'",
            "version": "==1.26.2"
        },
        "vistir": {
            "hashes": [
                "sha256:a37079cdbd85d31a41cdd18457fe521e15ec08b255811e81aa061fd5f48a20fb",
                "sha256:eff1d19ef50c703a329ed294e5ec0b0fbb35b96c1b3ee6dcdb266dddbe1e935a"
            ],
            "markers": "python_version >= '2.7' and python_version not in '3.0, 3.1, 3.2, 3.3'",
            "version": "==0.5.2"
        },
        "wheel": {
            "hashes": [
                "sha256:78b5b185f0e5763c26ca1e324373aadd49182ca90e825f7853f4b2509215dc0e",
                "sha256:e11eefd162658ea59a60a0f6c7d493a7190ea4b9a85e335b33489d9f17e0245e"
            ],
            "markers": "python_version >= '2.7' and python_version not in '3.0, 3.1, 3.2, 3.3, 3.4'",
            "version": "==0.36.2"
        },
        "wrapt": {
            "hashes": [
                "sha256:b62ffa81fb85f4332a4f609cab4ac40709470da05643a082ec1eb88e6d9b97d7"
            ],
            "version": "==1.12.1"
        }
    }
}
